
Microsoft Visual Studio Solution File, Format Version 12.00
# Visual Studio Version 17
VisualStudioVersion = 17.5.002.0
MinimumVisualStudioVersion = 10.0.40219.1
Project("{9A19103F-16F7-4668-BE54-9A1E7A4F7556}") = "ComputerComponents", "ComputerComponents\ComputerComponents.csproj", "{A66FEB48-29E7-4C95-AC54-49E77F9CCC52}"
EndProject
Global
	GlobalSection(SolutionConfigurationPlatforms) = preSolution
		Debug|Any CPU = Debug|Any CPU
		Release|Any CPU = Release|Any CPU
	EndGlobalSection
	GlobalSection(ProjectConfigurationPlatforms) = postSolution
		{A66FEB48-29E7-4C95-AC54-49E77F9CCC52}.Debug|Any CPU.ActiveCfg = Debug|Any CPU
		{A66FEB48-29E7-4C95-AC54-49E77F9CCC52}.Debug|Any CPU.Build.0 = Debug|Any CPU
		{A66FEB48-29E7-4C95-AC54-49E77F9CCC52}.Release|Any CPU.ActiveCfg = Release|Any CPU
		{A66FEB48-29E7-4C95-AC54-49E77F9CCC52}.Release|Any CPU.Build.0 = Release|Any CPU
	EndGlobalSection
	GlobalSection(SolutionProperties) = preSolution
		HideSolutionNode = FALSE
	EndGlobalSection
	GlobalSection(ExtensibilityGlobals) = postSolution
		SolutionGuid = {66D26BDB-1881-4BFD-B084-D9E01449F059}
	EndGlobalSection
EndGlobal
